
Microsoft Visual Studio Solution File, Format Version 12.00
# Visual Studio Version 17
VisualStudioVersion = 17.13.35919.96
MinimumVisualStudioVersion = 10.0.40219.1
Project("{FAE04EC0-301F-11D3-BF4B-00C04F79EFBC}") = "TelaFacilLauncher", "TelaFacilLauncher.csproj", "{CEB2DA3A-4948-105A-9D8C-EFF5F5EAEB2E}"
EndProject
Global
	GlobalSection(SolutionConfigurationPlatforms) = preSolution
		Debug|Any CPU = Debug|Any CPU
		Release|Any CPU = Release|Any CPU
	EndGlobalSection
	GlobalSection(ProjectConfigurationPlatforms) = postSolution
		{CEB2DA3A-4948-105A-9D8C-EFF5F5EAEB2E}.Debug|Any CPU.ActiveCfg = Debug|Any CPU
		{CEB2DA3A-4948-105A-9D8C-EFF5F5EAEB2E}.Debug|Any CPU.Build.0 = Debug|Any CPU
		{CEB2DA3A-4948-105A-9D8C-EFF5F5EAEB2E}.Release|Any CPU.ActiveCfg = Release|Any CPU
		{CEB2DA3A-4948-105A-9D8C-EFF5F5EAEB2E}.Release|Any CPU.Build.0 = Release|Any CPU
	EndGlobalSection
	GlobalSection(SolutionProperties) = preSolution
		HideSolutionNode = FALSE
	EndGlobalSection
	GlobalSection(ExtensibilityGlobals) = postSolution
		SolutionGuid = {6085441B-F642-4B3A-8F29-1B65F68E7E15}
	EndGlobalSection
EndGlobal
